{
  "name": "nodesearch",
  "version": "1.0.0",
  "lockfileVersion": 2,
  "requires": true,
  "packages": {
    "": {
      "name": "nodesearch",
      "version": "1.0.0",
      "license": "ISC",
      "dependencies": {
        "dotparser": "^1.1.0"
      }
    },
    "node_modules/dotparser": {
      "version": "1.1.0",
      "resolved": "https://registry.npmjs.org/dotparser/-/dotparser-1.1.0.tgz",
      "integrity": "sha512-+W8YHUwd0F7RNGIdRHTeVwTIC1z8penS3E2xN45iA3iEzrtj9auYUrJ7o+TwQpy2qy/HfnEYoEBAcvUD9d1MyA=="
    }
  },
  "dependencies": {
    "dotparser": {
      "version": "1.1.0",
      "resolved": "https://registry.npmjs.org/dotparser/-/dotparser-1.1.0.tgz",
      "integrity": "sha512-+W8YHUwd0F7RNGIdRHTeVwTIC1z8penS3E2xN45iA3iEzrtj9auYUrJ7o+TwQpy2qy/HfnEYoEBAcvUD9d1MyA=="
    }
  }
}
